
Microsoft Visual Studio Solution File, Format Version 12.00
# Visual Studio Version 17
VisualStudioVersion = 17.2.32630.192
MinimumVisualStudioVersion = 10.0.40219.1
Project("{FAE04EC0-301F-11D3-BF4B-00C04F79EFBC}") = "Calculator program", "Конвертер валют\Calculator program.csproj", "{D5583A8A-0AE4-4444-A8B4-2F07E8ABBF20}"
EndProject
Project("{2150E333-8FDC-42A3-9474-1A3956D46DE8}") = "Элементы решения", "Элементы решения", "{6AC68D55-B556-434B-BACD-BAEF4AF9A78C}"
	ProjectSection(SolutionItems) = preProject
		Конвертер валют\ShowMainMenu.cs = Конвертер валют\ShowMainMenu.cs
	EndProjectSection
EndProject
Global
	GlobalSection(SolutionConfigurationPlatforms) = preSolution
		Debug|Any CPU = Debug|Any CPU
		Release|Any CPU = Release|Any CPU
	EndGlobalSection
	GlobalSection(ProjectConfigurationPlatforms) = postSolution
		{D5583A8A-0AE4-4444-A8B4-2F07E8ABBF20}.Debug|Any CPU.ActiveCfg = Debug|Any CPU
		{D5583A8A-0AE4-4444-A8B4-2F07E8ABBF20}.Debug|Any CPU.Build.0 = Debug|Any CPU
		{D5583A8A-0AE4-4444-A8B4-2F07E8ABBF20}.Release|Any CPU.ActiveCfg = Release|Any CPU
		{D5583A8A-0AE4-4444-A8B4-2F07E8ABBF20}.Release|Any CPU.Build.0 = Release|Any CPU
	EndGlobalSection
	GlobalSection(SolutionProperties) = preSolution
		HideSolutionNode = FALSE
	EndGlobalSection
	GlobalSection(ExtensibilityGlobals) = postSolution
		SolutionGuid = {730E7900-2EB5-4F67-95B9-70BFC8BF5830}
	EndGlobalSection
EndGlobal
